
Microsoft Visual Studio Solution File, Format Version 12.00
Project("{FAE04EC0-301F-11D3-BF4B-00C04F79EFBC}") = "LTW", "LTW\LTW.csproj", "{6CB5C21A-EB16-48D6-B98A-F18D7CE46785}"
EndProject
Project("{FAE04EC0-301F-11D3-BF4B-00C04F79EFBC}") = "WotoProvider", "WotoProvider\WotoProvider.csproj", "{2EFF7FAB-7794-4BFA-AB48-998ADADC45A9}"
EndProject
Global
	GlobalSection(SolutionConfigurationPlatforms) = preSolution
		Debug|Any CPU = Debug|Any CPU
		Release|Any CPU = Release|Any CPU
	EndGlobalSection
	GlobalSection(ProjectConfigurationPlatforms) = postSolution
		{6CB5C21A-EB16-48D6-B98A-F18D7CE46785}.Debug|Any CPU.ActiveCfg = Debug|Any CPU
		{6CB5C21A-EB16-48D6-B98A-F18D7CE46785}.Debug|Any CPU.Build.0 = Debug|Any CPU
		{6CB5C21A-EB16-48D6-B98A-F18D7CE46785}.Release|Any CPU.ActiveCfg = Release|Any CPU
		{6CB5C21A-EB16-48D6-B98A-F18D7CE46785}.Release|Any CPU.Build.0 = Release|Any CPU
		{2EFF7FAB-7794-4BFA-AB48-998ADADC45A9}.Debug|Any CPU.ActiveCfg = Debug|Any CPU
		{2EFF7FAB-7794-4BFA-AB48-998ADADC45A9}.Debug|Any CPU.Build.0 = Debug|Any CPU
		{2EFF7FAB-7794-4BFA-AB48-998ADADC45A9}.Release|Any CPU.ActiveCfg = Release|Any CPU
		{2EFF7FAB-7794-4BFA-AB48-998ADADC45A9}.Release|Any CPU.Build.0 = Release|Any CPU
	EndGlobalSection
EndGlobal
